
Microsoft Visual Studio Solution File, Format Version 12.00
# Visual Studio 15
Project("{FAE04EC0-301F-11D3-BF4B-00C04F79EFBC}") = "Hit UFO(2.0)", "Hit UFO(2.0).csproj", "{21FDFD00-58C3-38B2-7AEA-8B872E1028C6}"
EndProject
Global
	GlobalSection(SolutionConfigurationPlatforms) = preSolution
		Debug|Any CPU = Debug|Any CPU
		Release|Any CPU = Release|Any CPU
	EndGlobalSection
	GlobalSection(ProjectConfigurationPlatforms) = postSolution
		{21FDFD00-58C3-38B2-7AEA-8B872E1028C6}.Debug|Any CPU.ActiveCfg = Debug|Any CPU
		{21FDFD00-58C3-38B2-7AEA-8B872E1028C6}.Debug|Any CPU.Build.0 = Debug|Any CPU
		{21FDFD00-58C3-38B2-7AEA-8B872E1028C6}.Release|Any CPU.ActiveCfg = Release|Any CPU
		{21FDFD00-58C3-38B2-7AEA-8B872E1028C6}.Release|Any CPU.Build.0 = Release|Any CPU
	EndGlobalSection
	GlobalSection(SolutionProperties) = preSolution
		HideSolutionNode = FALSE
	EndGlobalSection
EndGlobal
